
Microsoft Visual Studio Solution File, Format Version 12.00
# Visual Studio 15
Project("{FAE04EC0-301F-11D3-BF4B-00C04F79EFBC}") = "Assembly-CSharp", "Assembly-CSharp.csproj", "{24C4BAE1-D6F3-3A41-8DBB-FE7019C3127E}"
EndProject
Project("{FAE04EC0-301F-11D3-BF4B-00C04F79EFBC}") = "Assembly-CSharp-firstpass", "Assembly-CSharp-firstpass.csproj", "{5D4F82FE-CA82-0829-DD18-11FBA08E8383}"
EndProject
Project("{FAE04EC0-301F-11D3-BF4B-00C04F79EFBC}") = "Assembly-CSharp-Editor", "Assembly-CSharp-Editor.csproj", "{52320704-57A5-E476-2302-B5ADC8C1FA00}"
EndProject
Global
	GlobalSection(SolutionConfigurationPlatforms) = preSolution
		Debug|Any CPU = Debug|Any CPU
		Release|Any CPU = Release|Any CPU
	EndGlobalSection
	GlobalSection(ProjectConfigurationPlatforms) = postSolution
		{24C4BAE1-D6F3-3A41-8DBB-FE7019C3127E}.Debug|Any CPU.ActiveCfg = Debug|Any CPU
		{24C4BAE1-D6F3-3A41-8DBB-FE7019C3127E}.Debug|Any CPU.Build.0 = Debug|Any CPU
		{24C4BAE1-D6F3-3A41-8DBB-FE7019C3127E}.Release|Any CPU.ActiveCfg = Release|Any CPU
		{24C4BAE1-D6F3-3A41-8DBB-FE7019C3127E}.Release|Any CPU.Build.0 = Release|Any CPU
		{5D4F82FE-CA82-0829-DD18-11FBA08E8383}.Debug|Any CPU.ActiveCfg = Debug|Any CPU
		{5D4F82FE-CA82-0829-DD18-11FBA08E8383}.Debug|Any CPU.Build.0 = Debug|Any CPU
		{5D4F82FE-CA82-0829-DD18-11FBA08E8383}.Release|Any CPU.ActiveCfg = Release|Any CPU
		{5D4F82FE-CA82-0829-DD18-11FBA08E8383}.Release|Any CPU.Build.0 = Release|Any CPU
		{52320704-57A5-E476-2302-B5ADC8C1FA00}.Debug|Any CPU.ActiveCfg = Debug|Any CPU
		{52320704-57A5-E476-2302-B5ADC8C1FA00}.Debug|Any CPU.Build.0 = Debug|Any CPU
		{52320704-57A5-E476-2302-B5ADC8C1FA00}.Release|Any CPU.ActiveCfg = Release|Any CPU
		{52320704-57A5-E476-2302-B5ADC8C1FA00}.Release|Any CPU.Build.0 = Release|Any CPU
	EndGlobalSection
	GlobalSection(SolutionProperties) = preSolution
		HideSolutionNode = FALSE
	EndGlobalSection
EndGlobal
